
Microsoft Visual Studio Solution File, Format Version 12.00
# Visual Studio Version 17
VisualStudioVersion = 17.9.34321.82
MinimumVisualStudioVersion = 10.0.40219.1
Project("{9A19103F-16F7-4668-BE54-9A1E7A4F7556}") = "Banking", "Banking.csproj", "{93685302-CDAC-4B03-B8E6-6DFAA61DC40B}"
EndProject
Project("{FAE04EC0-301F-11D3-BF4B-00C04F79EFBC}") = "Task__2", "..\Task__2\Task__2.csproj", "{1CE488E6-D8E4-4A30-87A7-5D7E06CDC3EB}"
EndProject
Global
	GlobalSection(SolutionConfigurationPlatforms) = preSolution
		Debug|Any CPU = Debug|Any CPU
		Release|Any CPU = Release|Any CPU
	EndGlobalSection
	GlobalSection(ProjectConfigurationPlatforms) = postSolution
		{93685302-CDAC-4B03-B8E6-6DFAA61DC40B}.Debug|Any CPU.ActiveCfg = Debug|Any CPU
		{93685302-CDAC-4B03-B8E6-6DFAA61DC40B}.Debug|Any CPU.Build.0 = Debug|Any CPU
		{93685302-CDAC-4B03-B8E6-6DFAA61DC40B}.Release|Any CPU.ActiveCfg = Release|Any CPU
		{93685302-CDAC-4B03-B8E6-6DFAA61DC40B}.Release|Any CPU.Build.0 = Release|Any CPU
		{1CE488E6-D8E4-4A30-87A7-5D7E06CDC3EB}.Debug|Any CPU.ActiveCfg = Debug|Any CPU
		{1CE488E6-D8E4-4A30-87A7-5D7E06CDC3EB}.Debug|Any CPU.Build.0 = Debug|Any CPU
		{1CE488E6-D8E4-4A30-87A7-5D7E06CDC3EB}.Release|Any CPU.ActiveCfg = Release|Any CPU
		{1CE488E6-D8E4-4A30-87A7-5D7E06CDC3EB}.Release|Any CPU.Build.0 = Release|Any CPU
	EndGlobalSection
	GlobalSection(SolutionProperties) = preSolution
		HideSolutionNode = FALSE
	EndGlobalSection
	GlobalSection(ExtensibilityGlobals) = postSolution
		SolutionGuid = {F34B0C5E-5991-4972-8868-B779C5A8C6C1}
	EndGlobalSection
EndGlobal
